{
  "name": "node-app",
  "version": "2.3.0",
  "lockfileVersion": 3,
  "requires": true,
  "packages": {
    "": {
      "name": "node-app",
      "version": "2.3.0",
      "dependencies": {
        "pkg-x": "^3.4.2",
        "pkg-y": "^1.8.0"
      },
      "engines": {
        "node": ">=20 <23"
      }
    },
    "node_modules/pkg-x": {
      "version": "3.4.2",
      "resolved": "https://registry.example.com/pkg-x/-/pkg-x-3.4.2.tgz",
      "hasInstallScript": true,
      "engines": {
        "node": ">=18 <23"
      }
    },
    "node_modules/pkg-y": {
      "version": "1.8.0",
      "resolved": "https://registry.example.com/pkg-y/-/pkg-y-1.8.0.tgz"
    }
  }
}
